
Microsoft Visual Studio Solution File, Format Version 12.00
# Visual Studio Version 17
VisualStudioVersion = 17.2.32519.379
MinimumVisualStudioVersion = 10.0.40219.1
Project("{9A19103F-16F7-4668-BE54-9A1E7A4F7556}") = "TimSchreiber.AzureTableStorage.AutoIndex", "TimSchreiber.AzureTableStorage.AutoIndex\TimSchreiber.AzureTableStorage.AutoIndex.csproj", "{7D6F833C-8AA3-4102-A9CE-CE52AC61E64E}"
EndProject
Project("{9A19103F-16F7-4668-BE54-9A1E7A4F7556}") = "TimSchreiber.AsyncPageableExtensions", "TimSchreiber.AsyncPageableExtensions\TimSchreiber.AsyncPageableExtensions.csproj", "{8400E328-0AD5-43F6-A2E6-65E192886712}"
EndProject
Project("{9A19103F-16F7-4668-BE54-9A1E7A4F7556}") = "TimSchreiber.EnumerableExtensions", "TimSchreiber.EnumerableExtensions\TimSchreiber.EnumerableExtensions.csproj", "{0CB49B3C-EB33-4ECF-ACD7-9CC520F76925}"
EndProject
Project("{FAE04EC0-301F-11D3-BF4B-00C04F79EFBC}") = "TimSchreiber.AspNetCoreIdentity.AzureTableStorage", "TimSchreiber.AspNetCoreIdentity.AzureTableStorage\TimSchreiber.AspNetCoreIdentity.AzureTableStorage.csproj", "{6FAFA67C-90EB-447D-91C3-5E236077C54C}"
EndProject
Project("{FAE04EC0-301F-11D3-BF4B-00C04F79EFBC}") = "TimSchreiber.AzureTableStorgae.ExampleSite", "TimSchreiber.AzureTableStorgae.ExampleSite\TimSchreiber.AzureTableStorgae.ExampleSite.csproj", "{630ABE91-32C7-4FD9-8DE9-9973B5CDECDB}"
EndProject
Global
	GlobalSection(SolutionConfigurationPlatforms) = preSolution
		Debug|Any CPU = Debug|Any CPU
		Release|Any CPU = Release|Any CPU
	EndGlobalSection
	GlobalSection(ProjectConfigurationPlatforms) = postSolution
		{7D6F833C-8AA3-4102-A9CE-CE52AC61E64E}.Debug|Any CPU.ActiveCfg = Debug|Any CPU
		{7D6F833C-8AA3-4102-A9CE-CE52AC61E64E}.Debug|Any CPU.Build.0 = Debug|Any CPU
		{7D6F833C-8AA3-4102-A9CE-CE52AC61E64E}.Release|Any CPU.ActiveCfg = Release|Any CPU
		{7D6F833C-8AA3-4102-A9CE-CE52AC61E64E}.Release|Any CPU.Build.0 = Release|Any CPU
		{8400E328-0AD5-43F6-A2E6-65E192886712}.Debug|Any CPU.ActiveCfg = Debug|Any CPU
		{8400E328-0AD5-43F6-A2E6-65E192886712}.Debug|Any CPU.Build.0 = Debug|Any CPU
		{8400E328-0AD5-43F6-A2E6-65E192886712}.Release|Any CPU.ActiveCfg = Release|Any CPU
		{8400E328-0AD5-43F6-A2E6-65E192886712}.Release|Any CPU.Build.0 = Release|Any CPU
		{0CB49B3C-EB33-4ECF-ACD7-9CC520F76925}.Debug|Any CPU.ActiveCfg = Debug|Any CPU
		{0CB49B3C-EB33-4ECF-ACD7-9CC520F76925}.Debug|Any CPU.Build.0 = Debug|Any CPU
		{0CB49B3C-EB33-4ECF-ACD7-9CC520F76925}.Release|Any CPU.ActiveCfg = Release|Any CPU
		{0CB49B3C-EB33-4ECF-ACD7-9CC520F76925}.Release|Any CPU.Build.0 = Release|Any CPU
		{6FAFA67C-90EB-447D-91C3-5E236077C54C}.Debug|Any CPU.ActiveCfg = Debug|Any CPU
		{6FAFA67C-90EB-447D-91C3-5E236077C54C}.Debug|Any CPU.Build.0 = Debug|Any CPU
		{6FAFA67C-90EB-447D-91C3-5E236077C54C}.Release|Any CPU.ActiveCfg = Release|Any CPU
		{6FAFA67C-90EB-447D-91C3-5E236077C54C}.Release|Any CPU.Build.0 = Release|Any CPU
		{630ABE91-32C7-4FD9-8DE9-9973B5CDECDB}.Debug|Any CPU.ActiveCfg = Debug|Any CPU
		{630ABE91-32C7-4FD9-8DE9-9973B5CDECDB}.Debug|Any CPU.Build.0 = Debug|Any CPU
		{630ABE91-32C7-4FD9-8DE9-9973B5CDECDB}.Release|Any CPU.ActiveCfg = Release|Any CPU
		{630ABE91-32C7-4FD9-8DE9-9973B5CDECDB}.Release|Any CPU.Build.0 = Release|Any CPU
	EndGlobalSection
	GlobalSection(SolutionProperties) = preSolution
		HideSolutionNode = FALSE
	EndGlobalSection
	GlobalSection(ExtensibilityGlobals) = postSolution
		SolutionGuid = {22545CB9-DD0D-448A-BC96-22AC3D72A74A}
	EndGlobalSection
EndGlobal
